// !$*UTF8*$!
{
	archiveVersion = 1;
	classes = {
	};
	objectVersion = 46;
	objects = {

/* Begin PBXBuildFile section */
		4F36438618F20ACA0088176A /* toolbar_backward.png in Resources */ = {isa = PBXBuildFile; fileRef = 4F36438218F20ACA0088176A /* toolbar_backward.png */; };
		4F36438718F20ACA0088176A /* toolbar_backward@2x.png in Resources */ = {isa = PBXBuildFile; fileRef = 4F36438318F20ACA0088176A /* toolbar_backward@2x.png */; };
		4F36438818F20ACA0088176A /* toolbar_forward.png in Resources */ = {isa = PBXBuildFile; fileRef = 4F36438418F20ACA0088176A /* toolbar_forward.png */; };
		4F36438918F20ACA0088176A /* toolbar_forward@2x.png in Resources */ = {isa = PBXBuildFile; fileRef = 4F36438518F20ACA0088176A /* toolbar_forward@2x.png */; };
		4F3643AB18F21C750088176A /* associated-objects.html in Resources */ = {isa = PBXBuildFile; fileRef = 4F36439218F21C750088176A /* associated-objects.html */; };
		4F3643AC18F21C750088176A /* avspeechsynthesizer.html in Resources */ = {isa = PBXBuildFile; fileRef = 4F36439318F21C750088176A /* avspeechsynthesizer.html */; };
		4F3643AD18F21C750088176A /* colophon.html in Resources */ = {isa = PBXBuildFile; fileRef = 4F36439418F21C750088176A /* colophon.html */; };
		4F3643AE18F21C750088176A /* dictionary-services.html in Resources */ = {isa = PBXBuildFile; fileRef = 4F36439518F21C750088176A /* dictionary-services.html */; };
		4F3643AF18F21C750088176A /* empathy.html in Resources */ = {isa = PBXBuildFile; fileRef = 4F36439618F21C750088176A /* empathy.html */; };
		4F3643B018F21C750088176A /* extended-file-attributes.html in Resources */ = {isa = PBXBuildFile; fileRef = 4F36439718F21C750088176A /* extended-file-attributes.html */; };
		4F3643B118F21C750088176A /* feed.xml.rss in Resources */ = {isa = PBXBuildFile; fileRef = 4F36439818F21C750088176A /* feed.xml.rss */; };
		4F3643B218F21C750088176A /* launch-options.html in Resources */ = {isa = PBXBuildFile; fileRef = 4F36439918F21C750088176A /* launch-options.html */; };
		4F3643B318F21C750088176A /* method-swizzling.html in Resources */ = {isa = PBXBuildFile; fileRef = 4F36439A18F21C750088176A /* method-swizzling.html */; };
		4F3643B418F21C750088176A /* mktileoverlay-mkmapsnapshotter-mkdirections.html in Resources */ = {isa = PBXBuildFile; fileRef = 4F36439B18F21C750088176A /* mktileoverlay-mkmapsnapshotter-mkdirections.html */; };
		4F3643B518F21C750088176A /* multipeer-connectivity.html in Resources */ = {isa = PBXBuildFile; fileRef = 4F36439C18F21C750088176A /* multipeer-connectivity.html */; };
		4F3643B618F21C750088176A /* namespacing.html in Resources */ = {isa = PBXBuildFile; fileRef = 4F36439D18F21C750088176A /* namespacing.html */; };
		4F3643B718F21C750088176A /* new-years-2014.html in Resources */ = {isa = PBXBuildFile; fileRef = 4F36439E18F21C750088176A /* new-years-2014.html */; };
		4F3643B818F21C750088176A /* nsfilemanager.html in Resources */ = {isa = PBXBuildFile; fileRef = 4F36439F18F21C750088176A /* nsfilemanager.html */; };
		4F3643B918F21C750088176A /* nsformatter.html in Resources */ = {isa = PBXBuildFile; fileRef = 4F3643A018F21C750088176A /* nsformatter.html */; };
		4F3643BA18F21C750088176A /* nshipster-quiz-4.html in Resources */ = {isa = PBXBuildFile; fileRef = 4F3643A118F21C750088176A /* nshipster-quiz-4.html */; };
		4F3643BB18F21C750088176A /* nshipster.com.html in Resources */ = {isa = PBXBuildFile; fileRef = 4F3643A218F21C750088176A /* nshipster.com.html */; };
		4F3643BC18F21C750088176A /* nshipster.com_1.html in Resources */ = {isa = PBXBuildFile; fileRef = 4F3643A318F21C750088176A /* nshipster.com_1.html */; };
		4F3643BD18F21C750088176A /* nsnotification-and-nsnotificationcenter.html in Resources */ = {isa = PBXBuildFile; fileRef = 4F3643A418F21C750088176A /* nsnotification-and-nsnotificationcenter.html */; };
		4F3643BE18F21C750088176A /* nsrange.html in Resources */ = {isa = PBXBuildFile; fileRef = 4F3643A518F21C750088176A /* nsrange.html */; };
		4F3643BF18F21C750088176A /* nstemporarydirectory.html in Resources */ = {isa = PBXBuildFile; fileRef = 4F3643A618F21C750088176A /* nstemporarydirectory.html */; };
		4F3643C018F21C750088176A /* nsurl.html in Resources */ = {isa = PBXBuildFile; fileRef = 4F3643A718F21C750088176A /* nsurl.html */; };
		4F3643C118F21C750088176A /* screen.css in Resources */ = {isa = PBXBuildFile; fileRef = 4F3643A818F21C750088176A /* screen.css */; };
		4F3643C218F21C750088176A /* stewardship.html in Resources */ = {isa = PBXBuildFile; fileRef = 4F3643A918F21C750088176A /* stewardship.html */; };
		4F3643C318F21C750088176A /* xctool.html in Resources */ = {isa = PBXBuildFile; fileRef = 4F3643AA18F21C750088176A /* xctool.html */; };
		4F66DC1C18E73CBF007A78D8 /* ViewController.m in Sources */ = {isa = PBXBuildFile; fileRef = 4F66DC1B18E73CBF007A78D8 /* ViewController.m */; };
		4F66DC2118E752E0007A78D8 /* Dolphin7.png in Resources */ = {isa = PBXBuildFile; fileRef = 4F66DC1D18E752E0007A78D8 /* Dolphin7.png */; };
		4F66DC2218E752E0007A78D8 /* Dolphin7@2x.png in Resources */ = {isa = PBXBuildFile; fileRef = 4F66DC1E18E752E0007A78D8 /* Dolphin7@2x.png */; };
		4F66DC2318E752E0007A78D8 /* Dolphin7@2x~ipad.png in Resources */ = {isa = PBXBuildFile; fileRef = 4F66DC1F18E752E0007A78D8 /* Dolphin7@2x~ipad.png */; };
		4F66DC2418E752E0007A78D8 /* Dolphin7~ipad.png in Resources */ = {isa = PBXBuildFile; fileRef = 4F66DC2018E752E0007A78D8 /* Dolphin7~ipad.png */; };
		4FB8460318E50C450056BDFB /* Foundation.framework in Frameworks */ = {isa = PBXBuildFile; fileRef = 4FB8460218E50C450056BDFB /* Foundation.framework */; };
		4FB8460518E50C450056BDFB /* CoreGraphics.framework in Frameworks */ = {isa = PBXBuildFile; fileRef = 4FB8460418E50C450056BDFB /* CoreGraphics.framework */; };
		4FB8460718E50C450056BDFB /* UIKit.framework in Frameworks */ = {isa = PBXBuildFile; fileRef = 4FB8460618E50C450056BDFB /* UIKit.framework */; };
		4FB8460D18E50C450056BDFB /* InfoPlist.strings in Resources */ = {isa = PBXBuildFile; fileRef = 4FB8460B18E50C450056BDFB /* InfoPlist.strings */; };
		4FB8460F18E50C450056BDFB /* main.m in Sources */ = {isa = PBXBuildFile; fileRef = 4FB8460E18E50C450056BDFB /* main.m */; };
		4FB8461318E50C450056BDFB /* AppDelegate.m in Sources */ = {isa = PBXBuildFile; fileRef = 4FB8461218E50C450056BDFB /* AppDelegate.m */; };
		4FB8461C18E50C450056BDFB /* XCTest.framework in Frameworks */ = {isa = PBXBuildFile; fileRef = 4FB8461B18E50C450056BDFB /* XCTest.framework */; };
		4FB8461D18E50C450056BDFB /* Foundation.framework in Frameworks */ = {isa = PBXBuildFile; fileRef = 4FB8460218E50C450056BDFB /* Foundation.framework */; };
		4FB8461E18E50C450056BDFB /* UIKit.framework in Frameworks */ = {isa = PBXBuildFile; fileRef = 4FB8460618E50C450056BDFB /* UIKit.framework */; };
		4FB8462618E50C450056BDFB /* InfoPlist.strings in Resources */ = {isa = PBXBuildFile; fileRef = 4FB8462418E50C450056BDFB /* InfoPlist.strings */; };
		4FB8462818E50C450056BDFB /* SampleTests.m in Sources */ = {isa = PBXBuildFile; fileRef = 4FB8462718E50C450056BDFB /* SampleTests.m */; };
		4FC763D818E65A160009F375 /* Opera7.png in Resources */ = {isa = PBXBuildFile; fileRef = 4FC763D418E65A160009F375 /* Opera7.png */; };
		4FC763D918E65A160009F375 /* Opera7@2x.png in Resources */ = {isa = PBXBuildFile; fileRef = 4FC763D518E65A160009F375 /* Opera7@2x.png */; };
		4FC763DA18E65A160009F375 /* Opera7@2x~ipad.png in Resources */ = {isa = PBXBuildFile; fileRef = 4FC763D618E65A160009F375 /* Opera7@2x~ipad.png */; };
		4FC763DB18E65A160009F375 /* Opera7~ipad.png in Resources */ = {isa = PBXBuildFile; fileRef = 4FC763D718E65A160009F375 /* Opera7~ipad.png */; };
		4FC763E018E65E590009F375 /* Chrome7.png in Resources */ = {isa = PBXBuildFile; fileRef = 4FC763DC18E65E590009F375 /* Chrome7.png */; };
		4FC763E118E65E590009F375 /* Chrome7@2x.png in Resources */ = {isa = PBXBuildFile; fileRef = 4FC763DD18E65E590009F375 /* Chrome7@2x.png */; };
		4FC763E218E65E590009F375 /* Chrome7@2x~ipad.png in Resources */ = {isa = PBXBuildFile; fileRef = 4FC763DE18E65E590009F375 /* Chrome7@2x~ipad.png */; };
		4FC763E318E65E590009F375 /* Chrome7~ipad.png in Resources */ = {isa = PBXBuildFile; fileRef = 4FC763DF18E65E590009F375 /* Chrome7~ipad.png */; };
		4FC763E818E662900009F375 /* Link7.png in Resources */ = {isa = PBXBuildFile; fileRef = 4FC763E418E662900009F375 /* Link7.png */; };
		4FC763E918E662900009F375 /* Link7@2x.png in Resources */ = {isa = PBXBuildFile; fileRef = 4FC763E518E662900009F375 /* Link7@2x.png */; };
		4FC763EA18E662900009F375 /* Link7@2x~ipad.png in Resources */ = {isa = PBXBuildFile; fileRef = 4FC763E618E662900009F375 /* Link7@2x~ipad.png */; };
		4FC763EB18E662900009F375 /* Link7~ipad.png in Resources */ = {isa = PBXBuildFile; fileRef = 4FC763E718E662900009F375 /* Link7~ipad.png */; };
		4FC763F118E725C60009F375 /* Default-568h@2x.png in Resources */ = {isa = PBXBuildFile; fileRef = 4FC763EE18E725C60009F375 /* Default-568h@2x.png */; };
		4FC763F218E725C60009F375 /* Default.png in Resources */ = {isa = PBXBuildFile; fileRef = 4FC763EF18E725C60009F375 /* Default.png */; };
		4FC763F318E725C60009F375 /* Default@2x.png in Resources */ = {isa = PBXBuildFile; fileRef = 4FC763F018E725C60009F375 /* Default@2x.png */; };
		4FC763F618E72A610009F375 /* inpector-script.js in Resources */ = {isa = PBXBuildFile; fileRef = 4FC763F518E72A610009F375 /* inpector-script.js */; };
		4FDD61B418E6308400E23A69 /* DZNPolyActivity.m in Sources */ = {isa = PBXBuildFile; fileRef = 4FDD61A818E6308400E23A69 /* DZNPolyActivity.m */; };
		4FDD61B518E6308400E23A69 /* DZNWebViewController.m in Sources */ = {isa = PBXBuildFile; fileRef = 4FDD61AA18E6308400E23A69 /* DZNWebViewController.m */; };
		4FDD61B818E6308400E23A69 /* Safari7.png in Resources */ = {isa = PBXBuildFile; fileRef = 4FDD61B018E6308400E23A69 /* Safari7.png */; };
		4FDD61B918E6308400E23A69 /* Safari7@2x.png in Resources */ = {isa = PBXBuildFile; fileRef = 4FDD61B118E6308400E23A69 /* Safari7@2x.png */; };
		4FDD61BA18E6308400E23A69 /* Safari7@2x~ipad.png in Resources */ = {isa = PBXBuildFile; fileRef = 4FDD61B218E6308400E23A69 /* Safari7@2x~ipad.png */; };
		4FDD61BB18E6308400E23A69 /* Safari7~ipad.png in Resources */ = {isa = PBXBuildFile; fileRef = 4FDD61B318E6308400E23A69 /* Safari7~ipad.png */; };
		AA22BA647F7D4AA39B479ABC /* libPods.a in Frameworks */ = {isa = PBXBuildFile; fileRef = 9934BD31402B4CBE9A91C229 /* libPods.a */; };
/* End PBXBuildFile section */

/* Begin PBXContainerItemProxy section */
		4FB8461F18E50C450056BDFB /* PBXContainerItemProxy */ = {
			isa = PBXContainerItemProxy;
			containerPortal = 4FB845F718E50C450056BDFB /* Project object */;
			proxyType = 1;
			remoteGlobalIDString = 4FB845FE18E50C450056BDFB;
			remoteInfo = Sample;
		};
/* End PBXContainerItemProxy section */

/* Begin PBXFileReference section */
		4F36438218F20ACA0088176A /* toolbar_backward.png */ = {isa = PBXFileReference; lastKnownFileType = image.png; path = toolbar_backward.png; sourceTree = "<group>"; };
		4F36438318F20ACA0088176A /* toolbar_backward@2x.png */ = {isa = PBXFileReference; lastKnownFileType = image.png; path = "toolbar_backward@2x.png"; sourceTree = "<group>"; };
		4F36438418F20ACA0088176A /* toolbar_forward.png */ = {isa = PBXFileReference; lastKnownFileType = image.png; path = toolbar_forward.png; sourceTree = "<group>"; };
		4F36438518F20ACA0088176A /* toolbar_forward@2x.png */ = {isa = PBXFileReference; lastKnownFileType = image.png; path = "toolbar_forward@2x.png"; sourceTree = "<group>"; };
		4F36439218F21C750088176A /* associated-objects.html */ = {isa = PBXFileReference; fileEncoding = 4; lastKnownFileType = text.html; path = "associated-objects.html"; sourceTree = "<group>"; };
		4F36439318F21C750088176A /* avspeechsynthesizer.html */ = {isa = PBXFileReference; fileEncoding = 4; lastKnownFileType = text.html; path = avspeechsynthesizer.html; sourceTree = "<group>"; };
		4F36439418F21C750088176A /* colophon.html */ = {isa = PBXFileReference; fileEncoding = 4; lastKnownFileType = text.html; path = colophon.html; sourceTree = "<group>"; };
		4F36439518F21C750088176A /* dictionary-services.html */ = {isa = PBXFileReference; fileEncoding = 4; lastKnownFileType = text.html; path = "dictionary-services.html"; sourceTree = "<group>"; };
		4F36439618F21C750088176A /* empathy.html */ = {isa = PBXFileReference; fileEncoding = 4; lastKnownFileType = text.html; path = empathy.html; sourceTree = "<group>"; };
		4F36439718F21C750088176A /* extended-file-attributes.html */ = {isa = PBXFileReference; fileEncoding = 4; lastKnownFileType = text.html; path = "extended-file-attributes.html"; sourceTree = "<group>"; };
		4F36439818F21C750088176A /* feed.xml.rss */ = {isa = PBXFileReference; fileEncoding = 4; lastKnownFileType = text.xml; path = feed.xml.rss; sourceTree = "<group>"; };
		4F36439918F21C750088176A /* launch-options.html */ = {isa = PBXFileReference; fileEncoding = 4; lastKnownFileType = text.html; path = "launch-options.html"; sourceTree = "<group>"; };
		4F36439A18F21C750088176A /* method-swizzling.html */ = {isa = PBXFileReference; fileEncoding = 4; lastKnownFileType = text.html; path = "method-swizzling.html"; sourceTree = "<group>"; };
		4F36439B18F21C750088176A /* mktileoverlay-mkmapsnapshotter-mkdirections.html */ = {isa = PBXFileReference; fileEncoding = 4; lastKnownFileType = text.html; path = "mktileoverlay-mkmapsnapshotter-mkdirections.html"; sourceTree = "<group>"; };
		4F36439C18F21C750088176A /* multipeer-connectivity.html */ = {isa = PBXFileReference; fileEncoding = 4; lastKnownFileType = text.html; path = "multipeer-connectivity.html"; sourceTree = "<group>"; };
		4F36439D18F21C750088176A /* namespacing.html */ = {isa = PBXFileReference; fileEncoding = 4; lastKnownFileType = text.html; path = namespacing.html; sourceTree = "<group>"; };
		4F36439E18F21C750088176A /* new-years-2014.html */ = {isa = PBXFileReference; fileEncoding = 4; lastKnownFileType = text.html; path = "new-years-2014.html"; sourceTree = "<group>"; };
		4F36439F18F21C750088176A /* nsfilemanager.html */ = {isa = PBXFileReference; fileEncoding = 4; lastKnownFileType = text.html; path = nsfilemanager.html; sourceTree = "<group>"; };
		4F3643A018F21C750088176A /* nsformatter.html */ = {isa = PBXFileReference; fileEncoding = 4; lastKnownFileType = text.html; path = nsformatter.html; sourceTree = "<group>"; };
		4F3643A118F21C750088176A /* nshipster-quiz-4.html */ = {isa = PBXFileReference; fileEncoding = 4; lastKnownFileType = text.html; path = "nshipster-quiz-4.html"; sourceTree = "<group>"; };
		4F3643A218F21C750088176A /* nshipster.com.html */ = {isa = PBXFileReference; fileEncoding = 4; lastKnownFileType = text.html; path = nshipster.com.html; sourceTree = "<group>"; };
		4F3643A318F21C750088176A /* nshipster.com_1.html */ = {isa = PBXFileReference; fileEncoding = 4; lastKnownFileType = text.html; path = nshipster.com_1.html; sourceTree = "<group>"; };
		4F3643A418F21C750088176A /* nsnotification-and-nsnotificationcenter.html */ = {isa = PBXFileReference; fileEncoding = 4; lastKnownFileType = text.html; path = "nsnotification-and-nsnotificationcenter.html"; sourceTree = "<group>"; };
		4F3643A518F21C750088176A /* nsrange.html */ = {isa = PBXFileReference; fileEncoding = 4; lastKnownFileType = text.html; path = nsrange.html; sourceTree = "<group>"; };
		4F3643A618F21C750088176A /* nstemporarydirectory.html */ = {isa = PBXFileReference; fileEncoding = 4; lastKnownFileType = text.html; path = nstemporarydirectory.html; sourceTree = "<group>"; };
		4F3643A718F21C750088176A /* nsurl.html */ = {isa = PBXFileReference; fileEncoding = 4; lastKnownFileType = text.html; path = nsurl.html; sourceTree = "<group>"; };
		4F3643A818F21C750088176A /* screen.css */ = {isa = PBXFileReference; fileEncoding = 4; lastKnownFileType = text.css; path = screen.css; sourceTree = "<group>"; };
		4F3643A918F21C750088176A /* stewardship.html */ = {isa = PBXFileReference; fileEncoding = 4; lastKnownFileType = text.html; path = stewardship.html; sourceTree = "<group>"; };
		4F3643AA18F21C750088176A /* xctool.html */ = {isa = PBXFileReference; fileEncoding = 4; lastKnownFileType = text.html; path = xctool.html; sourceTree = "<group>"; };
		4F66DC1A18E73CBF007A78D8 /* ViewController.h */ = {isa = PBXFileReference; fileEncoding = 4; lastKnownFileType = sourcecode.c.h; path = ViewController.h; sourceTree = "<group>"; };
		4F66DC1B18E73CBF007A78D8 /* ViewController.m */ = {isa = PBXFileReference; fileEncoding = 4; lastKnownFileType = sourcecode.c.objc; path = ViewController.m; sourceTree = "<group>"; };
		4F66DC1D18E752E0007A78D8 /* Dolphin7.png */ = {isa = PBXFileReference; lastKnownFileType = image.png; path = Dolphin7.png; sourceTree = "<group>"; };
		4F66DC1E18E752E0007A78D8 /* Dolphin7@2x.png */ = {isa = PBXFileReference; lastKnownFileType = image.png; path = "Dolphin7@2x.png"; sourceTree = "<group>"; };
		4F66DC1F18E752E0007A78D8 /* Dolphin7@2x~ipad.png */ = {isa = PBXFileReference; lastKnownFileType = image.png; path = "Dolphin7@2x~ipad.png"; sourceTree = "<group>"; };
		4F66DC2018E752E0007A78D8 /* Dolphin7~ipad.png */ = {isa = PBXFileReference; lastKnownFileType = image.png; path = "Dolphin7~ipad.png"; sourceTree = "<group>"; };
		4FB845FF18E50C450056BDFB /* Sample.app */ = {isa = PBXFileReference; explicitFileType = wrapper.application; includeInIndex = 0; path = Sample.app; sourceTree = BUILT_PRODUCTS_DIR; };
		4FB8460218E50C450056BDFB /* Foundation.framework */ = {isa = PBXFileReference; lastKnownFileType = wrapper.framework; name = Foundation.framework; path = System/Library/Frameworks/Foundation.framework; sourceTree = SDKROOT; };
		4FB8460418E50C450056BDFB /* CoreGraphics.framework */ = {isa = PBXFileReference; lastKnownFileType = wrapper.framework; name = CoreGraphics.framework; path = System/Library/Frameworks/CoreGraphics.framework; sourceTree = SDKROOT; };
		4FB8460618E50C450056BDFB /* UIKit.framework */ = {isa = PBXFileReference; lastKnownFileType = wrapper.framework; name = UIKit.framework; path = System/Library/Frameworks/UIKit.framework; sourceTree = SDKROOT; };
		4FB8460A18E50C450056BDFB /* Sample-Info.plist */ = {isa = PBXFileReference; lastKnownFileType = text.plist.xml; path = "Sample-Info.plist"; sourceTree = "<group>"; };
		4FB8460C18E50C450056BDFB /* en */ = {isa = PBXFileReference; lastKnownFileType = text.plist.strings; name = en; path = en.lproj/InfoPlist.strings; sourceTree = "<group>"; };
		4FB8460E18E50C450056BDFB /* main.m */ = {isa = PBXFileReference; lastKnownFileType = sourcecode.c.objc; path = main.m; sourceTree = "<group>"; };
		4FB8461018E50C450056BDFB /* Sample-Prefix.pch */ = {isa = PBXFileReference; lastKnownFileType = sourcecode.c.h; path = "Sample-Prefix.pch"; sourceTree = "<group>"; };
		4FB8461118E50C450056BDFB /* AppDelegate.h */ = {isa = PBXFileReference; lastKnownFileType = sourcecode.c.h; path = AppDelegate.h; sourceTree = "<group>"; };
		4FB8461218E50C450056BDFB /* AppDelegate.m */ = {isa = PBXFileReference; lastKnownFileType = sourcecode.c.objc; path = AppDelegate.m; sourceTree = "<group>"; };
		4FB8461A18E50C450056BDFB /* SampleTests.xctest */ = {isa = PBXFileReference; explicitFileType = wrapper.cfbundle; includeInIndex = 0; path = SampleTests.xctest; sourceTree = BUILT_PRODUCTS_DIR; };
		4FB8461B18E50C450056BDFB /* XCTest.framework */ = {isa = PBXFileReference; lastKnownFileType = wrapper.framework; name = XCTest.framework; path = Library/Frameworks/XCTest.framework; sourceTree = DEVELOPER_DIR; };
		4FB8462318E50C450056BDFB /* SampleTests-Info.plist */ = {isa = PBXFileReference; lastKnownFileType = text.plist.xml; path = "SampleTests-Info.plist"; sourceTree = "<group>"; };
		4FB8462518E50C450056BDFB /* en */ = {isa = PBXFileReference; lastKnownFileType = text.plist.strings; name = en; path = en.lproj/InfoPlist.strings; sourceTree = "<group>"; };
		4FB8462718E50C450056BDFB /* SampleTests.m */ = {isa = PBXFileReference; lastKnownFileType = sourcecode.c.objc; path = SampleTests.m; sourceTree = "<group>"; };
		4FC763D418E65A160009F375 /* Opera7.png */ = {isa = PBXFileReference; lastKnownFileType = image.png; path = Opera7.png; sourceTree = "<group>"; };
		4FC763D518E65A160009F375 /* Opera7@2x.png */ = {isa = PBXFileReference; lastKnownFileType = image.png; path = "Opera7@2x.png"; sourceTree = "<group>"; };
		4FC763D618E65A160009F375 /* Opera7@2x~ipad.png */ = {isa = PBXFileReference; lastKnownFileType = image.png; path = "Opera7@2x~ipad.png"; sourceTree = "<group>"; };
		4FC763D718E65A160009F375 /* Opera7~ipad.png */ = {isa = PBXFileReference; lastKnownFileType = image.png; path = "Opera7~ipad.png"; sourceTree = "<group>"; };
		4FC763DC18E65E590009F375 /* Chrome7.png */ = {isa = PBXFileReference; lastKnownFileType = image.png; path = Chrome7.png; sourceTree = "<group>"; };
		4FC763DD18E65E590009F375 /* Chrome7@2x.png */ = {isa = PBXFileReference; lastKnownFileType = image.png; path = "Chrome7@2x.png"; sourceTree = "<group>"; };
		4FC763DE18E65E590009F375 /* Chrome7@2x~ipad.png */ = {isa = PBXFileReference; lastKnownFileType = image.png; path = "Chrome7@2x~ipad.png"; sourceTree = "<group>"; };
		4FC763DF18E65E590009F375 /* Chrome7~ipad.png */ = {isa = PBXFileReference; lastKnownFileType = image.png; path = "Chrome7~ipad.png"; sourceTree = "<group>"; };
		4FC763E418E662900009F375 /* Link7.png */ = {isa = PBXFileReference; lastKnownFileType = image.png; path = Link7.png; sourceTree = "<group>"; };
		4FC763E518E662900009F375 /* Link7@2x.png */ = {isa = PBXFileReference; lastKnownFileType = image.png; path = "Link7@2x.png"; sourceTree = "<group>"; };
		4FC763E618E662900009F375 /* Link7@2x~ipad.png */ = {isa = PBXFileReference; lastKnownFileType = image.png; path = "Link7@2x~ipad.png"; sourceTree = "<group>"; };
		4FC763E718E662900009F375 /* Link7~ipad.png */ = {isa = PBXFileReference; lastKnownFileType = image.png; path = "Link7~ipad.png"; sourceTree = "<group>"; };
		4FC763EE18E725C60009F375 /* Default-568h@2x.png */ = {isa = PBXFileReference; lastKnownFileType = image.png; path = "Default-568h@2x.png"; sourceTree = "<group>"; };
		4FC763EF18E725C60009F375 /* Default.png */ = {isa = PBXFileReference; lastKnownFileType = image.png; path = Default.png; sourceTree = "<group>"; };
		4FC763F018E725C60009F375 /* Default@2x.png */ = {isa = PBXFileReference; lastKnownFileType = image.png; path = "Default@2x.png"; sourceTree = "<group>"; };
		4FC763F518E72A610009F375 /* inpector-script.js */ = {isa = PBXFileReference; fileEncoding = 4; lastKnownFileType = sourcecode.javascript; path = "inpector-script.js"; sourceTree = "<group>"; };
		4FDD61A718E6308400E23A69 /* DZNPolyActivity.h */ = {isa = PBXFileReference; fileEncoding = 4; lastKnownFileType = sourcecode.c.h; path = DZNPolyActivity.h; sourceTree = "<group>"; };
		4FDD61A818E6308400E23A69 /* DZNPolyActivity.m */ = {isa = PBXFileReference; fileEncoding = 4; lastKnownFileType = sourcecode.c.objc; path = DZNPolyActivity.m; sourceTree = "<group>"; };
		4FDD61A918E6308400E23A69 /* DZNWebViewController.h */ = {isa = PBXFileReference; fileEncoding = 4; lastKnownFileType = sourcecode.c.h; path = DZNWebViewController.h; sourceTree = "<group>"; };
		4FDD61AA18E6308400E23A69 /* DZNWebViewController.m */ = {isa = PBXFileReference; fileEncoding = 4; lastKnownFileType = sourcecode.c.objc; path = DZNWebViewController.m; sourceTree = "<group>"; };
		4FDD61B018E6308400E23A69 /* Safari7.png */ = {isa = PBXFileReference; lastKnownFileType = image.png; path = Safari7.png; sourceTree = "<group>"; };
		4FDD61B118E6308400E23A69 /* Safari7@2x.png */ = {isa = PBXFileReference; lastKnownFileType = image.png; path = "Safari7@2x.png"; sourceTree = "<group>"; };
		4FDD61B218E6308400E23A69 /* Safari7@2x~ipad.png */ = {isa = PBXFileReference; lastKnownFileType = image.png; path = "Safari7@2x~ipad.png"; sourceTree = "<group>"; };
		4FDD61B318E6308400E23A69 /* Safari7~ipad.png */ = {isa = PBXFileReference; lastKnownFileType = image.png; path = "Safari7~ipad.png"; sourceTree = "<group>"; };
		9934BD31402B4CBE9A91C229 /* libPods.a */ = {isa = PBXFileReference; explicitFileType = archive.ar; includeInIndex = 0; path = libPods.a; sourceTree = BUILT_PRODUCTS_DIR; };
		A5E646D097304E9BAD2496A6 /* Pods.xcconfig */ = {isa = PBXFileReference; includeInIndex = 1; lastKnownFileType = text.xcconfig; name = Pods.xcconfig; path = Pods/Pods.xcconfig; sourceTree = "<group>"; };
/* End PBXFileReference section */

/* Begin PBXFrameworksBuildPhase section */
		4FB845FC18E50C450056BDFB /* Frameworks */ = {
			isa = PBXFrameworksBuildPhase;
			buildActionMask = 2147483647;
			files = (
				4FB8460518E50C450056BDFB /* CoreGraphics.framework in Frameworks */,
				4FB8460718E50C450056BDFB /* UIKit.framework in Frameworks */,
				4FB8460318E50C450056BDFB /* Foundation.framework in Frameworks */,
				AA22BA647F7D4AA39B479ABC /* libPods.a in Frameworks */,
			);
			runOnlyForDeploymentPostprocessing = 0;
		};
		4FB8461718E50C450056BDFB /* Frameworks */ = {
			isa = PBXFrameworksBuildPhase;
			buildActionMask = 2147483647;
			files = (
				4FB8461C18E50C450056BDFB /* XCTest.framework in Frameworks */,
				4FB8461E18E50C450056BDFB /* UIKit.framework in Frameworks */,
				4FB8461D18E50C450056BDFB /* Foundation.framework in Frameworks */,
			);
			runOnlyForDeploymentPostprocessing = 0;
		};
/* End PBXFrameworksBuildPhase section */

/* Begin PBXGroup section */
		4F36439118F21C750088176A /* html-fixture */ = {
			isa = PBXGroup;
			children = (
				4F36439218F21C750088176A /* associated-objects.html */,
				4F36439318F21C750088176A /* avspeechsynthesizer.html */,
				4F36439418F21C750088176A /* colophon.html */,
				4F36439518F21C750088176A /* dictionary-services.html */,
				4F36439618F21C750088176A /* empathy.html */,
				4F36439718F21C750088176A /* extended-file-attributes.html */,
				4F36439818F21C750088176A /* feed.xml.rss */,
				4F36439918F21C750088176A /* launch-options.html */,
				4F36439A18F21C750088176A /* method-swizzling.html */,
				4F36439B18F21C750088176A /* mktileoverlay-mkmapsnapshotter-mkdirections.html */,
				4F36439C18F21C750088176A /* multipeer-connectivity.html */,
				4F36439D18F21C750088176A /* namespacing.html */,
				4F36439E18F21C750088176A /* new-years-2014.html */,
				4F36439F18F21C750088176A /* nsfilemanager.html */,
				4F3643A018F21C750088176A /* nsformatter.html */,
				4F3643A118F21C750088176A /* nshipster-quiz-4.html */,
				4F3643A218F21C750088176A /* nshipster.com.html */,
				4F3643A318F21C750088176A /* nshipster.com_1.html */,
				4F3643A418F21C750088176A /* nsnotification-and-nsnotificationcenter.html */,
				4F3643A518F21C750088176A /* nsrange.html */,
				4F3643A618F21C750088176A /* nstemporarydirectory.html */,
				4F3643A718F21C750088176A /* nsurl.html */,
				4F3643A818F21C750088176A /* screen.css */,
				4F3643A918F21C750088176A /* stewardship.html */,
				4F3643AA18F21C750088176A /* xctool.html */,
			);
			path = "html-fixture";
			sourceTree = "<group>";
		};
		4FB845F618E50C450056BDFB = {
			isa = PBXGroup;
			children = (
				4FB8463418E50D7D0056BDFB /* Source */,
				4FB8460818E50C450056BDFB /* Sample */,
				4FB8462118E50C450056BDFB /* SampleTests */,
				4FB8460118E50C450056BDFB /* Frameworks */,
				4FB8460018E50C450056BDFB /* Products */,
				A5E646D097304E9BAD2496A6 /* Pods.xcconfig */,
			);
			sourceTree = "<group>";
		};
		4FB8460018E50C450056BDFB /* Products */ = {
			isa = PBXGroup;
			children = (
				4FB845FF18E50C450056BDFB /* Sample.app */,
				4FB8461A18E50C450056BDFB /* SampleTests.xctest */,
			);
			name = Products;
			sourceTree = "<group>";
		};
		4FB8460118E50C450056BDFB /* Frameworks */ = {
			isa = PBXGroup;
			children = (
				4FB8460218E50C450056BDFB /* Foundation.framework */,
				4FB8460418E50C450056BDFB /* CoreGraphics.framework */,
				4FB8460618E50C450056BDFB /* UIKit.framework */,
				4FB8461B18E50C450056BDFB /* XCTest.framework */,
				9934BD31402B4CBE9A91C229 /* libPods.a */,
			);
			name = Frameworks;
			sourceTree = "<group>";
		};
		4FB8460818E50C450056BDFB /* Sample */ = {
			isa = PBXGroup;
			children = (
				4FB8461118E50C450056BDFB /* AppDelegate.h */,
				4FB8461218E50C450056BDFB /* AppDelegate.m */,
				4F66DC1A18E73CBF007A78D8 /* ViewController.h */,
				4F66DC1B18E73CBF007A78D8 /* ViewController.m */,
				4FB8460918E50C450056BDFB /* Supporting Files */,
			);
			path = Sample;
			sourceTree = "<group>";
		};
		4FB8460918E50C450056BDFB /* Supporting Files */ = {
			isa = PBXGroup;
			children = (
				4FC763EE18E725C60009F375 /* Default-568h@2x.png */,
				4FC763EF18E725C60009F375 /* Default.png */,
				4FC763F018E725C60009F375 /* Default@2x.png */,
				4F36439118F21C750088176A /* html-fixture */,
				4FB8460A18E50C450056BDFB /* Sample-Info.plist */,
				4FB8460B18E50C450056BDFB /* InfoPlist.strings */,
				4FB8460E18E50C450056BDFB /* main.m */,
				4FB8461018E50C450056BDFB /* Sample-Prefix.pch */,
			);
			name = "Supporting Files";
			sourceTree = "<group>";
		};
		4FB8462118E50C450056BDFB /* SampleTests */ = {
			isa = PBXGroup;
			children = (
				4FB8462718E50C450056BDFB /* SampleTests.m */,
				4FB8462218E50C450056BDFB /* Supporting Files */,
			);
			path = SampleTests;
			sourceTree = "<group>";
		};
		4FB8462218E50C450056BDFB /* Supporting Files */ = {
			isa = PBXGroup;
			children = (
				4FB8462318E50C450056BDFB /* SampleTests-Info.plist */,
				4FB8462418E50C450056BDFB /* InfoPlist.strings */,
			);
			name = "Supporting Files";
			sourceTree = "<group>";
		};
		4FB8463418E50D7D0056BDFB /* Source */ = {
			isa = PBXGroup;
			children = (
				4FDD61A618E6308400E23A69 /* Class */,
				4FDD61AF18E6308400E23A69 /* Resources */,
				4FC763F418E72A610009F375 /* Scripts */,
			);
			name = Source;
			sourceTree = "<group>";
		};
		4FC763F418E72A610009F375 /* Scripts */ = {
			isa = PBXGroup;
			children = (
				4FC763F518E72A610009F375 /* inpector-script.js */,
			);
			name = Scripts;
			path = ../../Source/Scripts;
			sourceTree = "<group>";
		};
		4FDD61A618E6308400E23A69 /* Class */ = {
			isa = PBXGroup;
			children = (
				4FDD61A918E6308400E23A69 /* DZNWebViewController.h */,
				4FDD61AA18E6308400E23A69 /* DZNWebViewController.m */,
				4FDD61A718E6308400E23A69 /* DZNPolyActivity.h */,
				4FDD61A818E6308400E23A69 /* DZNPolyActivity.m */,
			);
			name = Class;
			path = ../../Source/Class;
			sourceTree = "<group>";
		};
		4FDD61AF18E6308400E23A69 /* Resources */ = {
			isa = PBXGroup;
			children = (
				4FC763E418E662900009F375 /* Link7.png */,
				4FC763E518E662900009F375 /* Link7@2x.png */,
				4FC763E618E662900009F375 /* Link7@2x~ipad.png */,
				4FC763E718E662900009F375 /* Link7~ipad.png */,
				4FC763DC18E65E590009F375 /* Chrome7.png */,
				4FC763DD18E65E590009F375 /* Chrome7@2x.png */,
				4FC763DE18E65E590009F375 /* Chrome7@2x~ipad.png */,
				4FC763DF18E65E590009F375 /* Chrome7~ipad.png */,
				4F66DC1D18E752E0007A78D8 /* Dolphin7.png */,
				4F66DC1E18E752E0007A78D8 /* Dolphin7@2x.png */,
				4F66DC1F18E752E0007A78D8 /* Dolphin7@2x~ipad.png */,
				4F66DC2018E752E0007A78D8 /* Dolphin7~ipad.png */,
				4FDD61B018E6308400E23A69 /* Safari7.png */,
				4FDD61B118E6308400E23A69 /* Safari7@2x.png */,
				4FDD61B218E6308400E23A69 /* Safari7@2x~ipad.png */,
				4FDD61B318E6308400E23A69 /* Safari7~ipad.png */,
				4FC763D418E65A160009F375 /* Opera7.png */,
				4FC763D518E65A160009F375 /* Opera7@2x.png */,
				4FC763D618E65A160009F375 /* Opera7@2x~ipad.png */,
				4FC763D718E65A160009F375 /* Opera7~ipad.png */,
				4F36438218F20ACA0088176A /* toolbar_backward.png */,
				4F36438318F20ACA0088176A /* toolbar_backward@2x.png */,
				4F36438418F20ACA0088176A /* toolbar_forward.png */,
				4F36438518F20ACA0088176A /* toolbar_forward@2x.png */,
			);
			name = Resources;
			path = ../../Source/Resources;
			sourceTree = "<group>";
		};
/* End PBXGroup section */

/* Begin PBXNativeTarget section */
		4FB845FE18E50C450056BDFB /* Sample */ = {
			isa = PBXNativeTarget;
			buildConfigurationList = 4FB8462B18E50C450056BDFB /* Build configuration list for PBXNativeTarget "Sample" */;
			buildPhases = (
				1EC6BC6C7A664F638AC7E348 /* Check Pods Manifest.lock */,
				4FB845FB18E50C450056BDFB /* Sources */,
				4FB845FC18E50C450056BDFB /* Frameworks */,
				4FB845FD18E50C450056BDFB /* Resources */,
				A50537A689D94FC3A207D8C1 /* Copy Pods Resources */,
			);
			buildRules = (
			);
			dependencies = (
			);
			name = Sample;
			productName = Sample;
			productReference = 4FB845FF18E50C450056BDFB /* Sample.app */;
			productType = "com.apple.product-type.application";
		};
		4FB8461918E50C450056BDFB /* SampleTests */ = {
			isa = PBXNativeTarget;
			buildConfigurationList = 4FB8462E18E50C450056BDFB /* Build configuration list for PBXNativeTarget "SampleTests" */;
			buildPhases = (
				4FB8461618E50C450056BDFB /* Sources */,
				4FB8461718E50C450056BDFB /* Frameworks */,
				4FB8461818E50C450056BDFB /* Resources */,
			);
			buildRules = (
			);
			dependencies = (
				4FB8462018E50C450056BDFB /* PBXTargetDependency */,
			);
			name = SampleTests;
			productName = SampleTests;
			productReference = 4FB8461A18E50C450056BDFB /* SampleTests.xctest */;
			productType = "com.apple.product-type.bundle.unit-test";
		};
/* End PBXNativeTarget section */

/* Begin PBXProject section */
		4FB845F718E50C450056BDFB /* Project object */ = {
			isa = PBXProject;
			attributes = {
				LastUpgradeCheck = 0510;
				ORGANIZATIONNAME = "DZN Labs";
				TargetAttributes = {
					4FB8461918E50C450056BDFB = {
						TestTargetID = 4FB845FE18E50C450056BDFB;
					};
				};
			};
			buildConfigurationList = 4FB845FA18E50C450056BDFB /* Build configuration list for PBXProject "Sample" */;
			compatibilityVersion = "Xcode 3.2";
			developmentRegion = English;
			hasScannedForEncodings = 0;
			knownRegions = (
				en,
			);
			mainGroup = 4FB845F618E50C450056BDFB;
			productRefGroup = 4FB8460018E50C450056BDFB /* Products */;
			projectDirPath = "";
			projectRoot = "";
			targets = (
				4FB845FE18E50C450056BDFB /* Sample */,
				4FB8461918E50C450056BDFB /* SampleTests */,
			);
		};
/* End PBXProject section */

/* Begin PBXResourcesBuildPhase section */
		4FB845FD18E50C450056BDFB /* Resources */ = {
			isa = PBXResourcesBuildPhase;
			buildActionMask = 2147483647;
			files = (
				4F36438918F20ACA0088176A /* toolbar_forward@2x.png in Resources */,
				4F3643B218F21C750088176A /* launch-options.html in Resources */,
				4F3643BB18F21C750088176A /* nshipster.com.html in Resources */,
				4F3643AC18F21C750088176A /* avspeechsynthesizer.html in Resources */,
				4FC763F618E72A610009F375 /* inpector-script.js in Resources */,
				4F3643AF18F21C750088176A /* empathy.html in Resources */,
				4F3643C018F21C750088176A /* nsurl.html in Resources */,
				4FC763E118E65E590009F375 /* Chrome7@2x.png in Resources */,
				4F3643B418F21C750088176A /* mktileoverlay-mkmapsnapshotter-mkdirections.html in Resources */,
				4FC763D918E65A160009F375 /* Opera7@2x.png in Resources */,
				4FDD61BB18E6308400E23A69 /* Safari7~ipad.png in Resources */,
				4F3643BC18F21C750088176A /* nshipster.com_1.html in Resources */,
				4FDD61BA18E6308400E23A69 /* Safari7@2x~ipad.png in Resources */,
				4FC763EB18E662900009F375 /* Link7~ipad.png in Resources */,
				4F3643B818F21C750088176A /* nsfilemanager.html in Resources */,
				4F3643C218F21C750088176A /* stewardship.html in Resources */,
				4FDD61B918E6308400E23A69 /* Safari7@2x.png in Resources */,
				4F3643AE18F21C750088176A /* dictionary-services.html in Resources */,
				4F36438718F20ACA0088176A /* toolbar_backward@2x.png in Resources */,
				4F3643B918F21C750088176A /* nsformatter.html in Resources */,
				4FC763DB18E65A160009F375 /* Opera7~ipad.png in Resources */,
				4F66DC2218E752E0007A78D8 /* Dolphin7@2x.png in Resources */,
				4FB8460D18E50C450056BDFB /* InfoPlist.strings in Resources */,
				4F66DC2318E752E0007A78D8 /* Dolphin7@2x~ipad.png in Resources */,
				4FC763EA18E662900009F375 /* Link7@2x~ipad.png in Resources */,
				4F36438818F20ACA0088176A /* toolbar_forward.png in Resources */,
				4F3643BF18F21C750088176A /* nstemporarydirectory.html in Resources */,
				4FC763DA18E65A160009F375 /* Opera7@2x~ipad.png in Resources */,
				4F3643BA18F21C750088176A /* nshipster-quiz-4.html in Resources */,
				4F3643AD18F21C750088176A /* colophon.html in Resources */,
				4F3643C318F21C750088176A /* xctool.html in Resources */,
				4F3643AB18F21C750088176A /* associated-objects.html in Resources */,
				4F3643BE18F21C750088176A /* nsrange.html in Resources */,
				4F3643B618F21C750088176A /* namespacing.html in Resources */,
				4F66DC2418E752E0007A78D8 /* Dolphin7~ipad.png in Resources */,
				4FC763D818E65A160009F375 /* Opera7.png in Resources */,
				4F66DC2118E752E0007A78D8 /* Dolphin7.png in Resources */,
				4FC763F318E725C60009F375 /* Default@2x.png in Resources */,
				4F3643C118F21C750088176A /* screen.css in Resources */,
				4FC763F118E725C60009F375 /* Default-568h@2x.png in Resources */,
				4F36438618F20ACA0088176A /* toolbar_backward.png in Resources */,
				4FC763E818E662900009F375 /* Link7.png in Resources */,
				4FDD61B818E6308400E23A69 /* Safari7.png in Resources */,
				4F3643B118F21C750088176A /* feed.xml.rss in Resources */,
				4FC763E318E65E590009F375 /* Chrome7~ipad.png in Resources */,
				4FC763E018E65E590009F375 /* Chrome7.png in Resources */,
				4F3643B018F21C750088176A /* extended-file-attributes.html in Resources */,
				4FC763E918E662900009F375 /* Link7@2x.png in Resources */,
				4FC763E218E65E590009F375 /* Chrome7@2x~ipad.png in Resources */,
				4F3643B518F21C750088176A /* multipeer-connectivity.html in Resources */,
				4F3643B718F21C750088176A /* new-years-2014.html in Resources */,
				4FC763F218E725C60009F375 /* Default.png in Resources */,
				4F3643B318F21C750088176A /* method-swizzling.html in Resources */,
				4F3643BD18F21C750088176A /* nsnotification-and-nsnotificationcenter.html in Resources */,
			);
			runOnlyForDeploymentPostprocessing = 0;
		};
		4FB8461818E50C450056BDFB /* Resources */ = {
			isa = PBXResourcesBuildPhase;
			buildActionMask = 2147483647;
			files = (
				4FB8462618E50C450056BDFB /* InfoPlist.strings in Resources */,
			);
			runOnlyForDeploymentPostprocessing = 0;
		};
/* End PBXResourcesBuildPhase section */

/* Begin PBXShellScriptBuildPhase section */
		1EC6BC6C7A664F638AC7E348 /* Check Pods Manifest.lock */ = {
			isa = PBXShellScriptBuildPhase;
			buildActionMask = 2147483647;
			files = (
			);
			inputPaths = (
			);
			name = "Check Pods Manifest.lock";
			outputPaths = (
			);
			runOnlyForDeploymentPostprocessing = 0;
			shellPath = /bin/sh;
			shellScript = "diff \"${PODS_ROOT}/../Podfile.lock\" \"${PODS_ROOT}/Manifest.lock\" > /dev/null\nif [[ $? != 0 ]] ; then\n    cat << EOM\nerror: The sandbox is not in sync with the Podfile.lock. Run 'pod install' or update your CocoaPods installation.\nEOM\n    exit 1\nfi\n";
			showEnvVarsInLog = 0;
		};
		A50537A689D94FC3A207D8C1 /* Copy Pods Resources */ = {
			isa = PBXShellScriptBuildPhase;
			buildActionMask = 2147483647;
			files = (
			);
			inputPaths = (
			);
			name = "Copy Pods Resources";
			outputPaths = (
			);
			runOnlyForDeploymentPostprocessing = 0;
			shellPath = /bin/sh;
			shellScript = "\"${SRCROOT}/Pods/Pods-resources.sh\"\n";
			showEnvVarsInLog = 0;
		};
/* End PBXShellScriptBuildPhase section */

/* Begin PBXSourcesBuildPhase section */
		4FB845FB18E50C450056BDFB /* Sources */ = {
			isa = PBXSourcesBuildPhase;
			buildActionMask = 2147483647;
			files = (
				4F66DC1C18E73CBF007A78D8 /* ViewController.m in Sources */,
				4FB8461318E50C450056BDFB /* AppDelegate.m in Sources */,
				4FDD61B418E6308400E23A69 /* DZNPolyActivity.m in Sources */,
				4FDD61B518E6308400E23A69 /* DZNWebViewController.m in Sources */,
				4FB8460F18E50C450056BDFB /* main.m in Sources */,
			);
			runOnlyForDeploymentPostprocessing = 0;
		};
		4FB8461618E50C450056BDFB /* Sources */ = {
			isa = PBXSourcesBuildPhase;
			buildActionMask = 2147483647;
			files = (
				4FB8462818E50C450056BDFB /* SampleTests.m in Sources */,
			);
			runOnlyForDeploymentPostprocessing = 0;
		};
/* End PBXSourcesBuildPhase section */

/* Begin PBXTargetDependency section */
		4FB8462018E50C450056BDFB /* PBXTargetDependency */ = {
			isa = PBXTargetDependency;
			target = 4FB845FE18E50C450056BDFB /* Sample */;
			targetProxy = 4FB8461F18E50C450056BDFB /* PBXContainerItemProxy */;
		};
/* End PBXTargetDependency section */

/* Begin PBXVariantGroup section */
		4FB8460B18E50C450056BDFB /* InfoPlist.strings */ = {
			isa = PBXVariantGroup;
			children = (
				4FB8460C18E50C450056BDFB /* en */,
			);
			name = InfoPlist.strings;
			sourceTree = "<group>";
		};
		4FB8462418E50C450056BDFB /* InfoPlist.strings */ = {
			isa = PBXVariantGroup;
			children = (
				4FB8462518E50C450056BDFB /* en */,
			);
			name = InfoPlist.strings;
			sourceTree = "<group>";
		};
/* End PBXVariantGroup section */

/* Begin XCBuildConfiguration section */
		4FB8462918E50C450056BDFB /* Debug */ = {
			isa = XCBuildConfiguration;
			buildSettings = {
				ALWAYS_SEARCH_USER_PATHS = NO;
				CLANG_CXX_LANGUAGE_STANDARD = "gnu++0x";
				CLANG_CXX_LIBRARY = "libc++";
				CLANG_ENABLE_MODULES = YES;
				CLANG_ENABLE_OBJC_ARC = YES;
				CLANG_WARN_BOOL_CONVERSION = YES;
				CLANG_WARN_CONSTANT_CONVERSION = YES;
				CLANG_WARN_DIRECT_OBJC_ISA_USAGE = YES_ERROR;
				CLANG_WARN_EMPTY_BODY = YES;
				CLANG_WARN_ENUM_CONVERSION = YES;
				CLANG_WARN_INT_CONVERSION = YES;
				CLANG_WARN_OBJC_ROOT_CLASS = YES_ERROR;
				CLANG_WARN__DUPLICATE_METHOD_MATCH = YES;
				"CODE_SIGN_IDENTITY[sdk=iphoneos*]" = "iPhone Developer";
				COPY_PHASE_STRIP = NO;
				GCC_C_LANGUAGE_STANDARD = gnu99;
				GCC_DYNAMIC_NO_PIC = NO;
				GCC_OPTIMIZATION_LEVEL = 0;
				GCC_PREPROCESSOR_DEFINITIONS = (
					"DEBUG=1",
					"$(inherited)",
				);
				GCC_SYMBOLS_PRIVATE_EXTERN = NO;
				GCC_WARN_64_TO_32_BIT_CONVERSION = YES;
				GCC_WARN_ABOUT_RETURN_TYPE = YES_ERROR;
				GCC_WARN_UNDECLARED_SELECTOR = YES;
				GCC_WARN_UNINITIALIZED_AUTOS = YES_AGGRESSIVE;
				GCC_WARN_UNUSED_FUNCTION = YES;
				GCC_WARN_UNUSED_VARIABLE = YES;
				IPHONEOS_DEPLOYMENT_TARGET = 7.1;
				ONLY_ACTIVE_ARCH = YES;
				SDKROOT = iphoneos;
			};
			name = Debug;
		};
		4FB8462A18E50C450056BDFB /* Release */ = {
			isa = XCBuildConfiguration;
			buildSettings = {
				ALWAYS_SEARCH_USER_PATHS = NO;
				CLANG_CXX_LANGUAGE_STANDARD = "gnu++0x";
				CLANG_CXX_LIBRARY = "libc++";
				CLANG_ENABLE_MODULES = YES;
				CLANG_ENABLE_OBJC_ARC = YES;
				CLANG_WARN_BOOL_CONVERSION = YES;
				CLANG_WARN_CONSTANT_CONVERSION = YES;
				CLANG_WARN_DIRECT_OBJC_ISA_USAGE = YES_ERROR;
				CLANG_WARN_EMPTY_BODY = YES;
				CLANG_WARN_ENUM_CONVERSION = YES;
				CLANG_WARN_INT_CONVERSION = YES;
				CLANG_WARN_OBJC_ROOT_CLASS = YES_ERROR;
				CLANG_WARN__DUPLICATE_METHOD_MATCH = YES;
				"CODE_SIGN_IDENTITY[sdk=iphoneos*]" = "iPhone Developer";
				COPY_PHASE_STRIP = YES;
				ENABLE_NS_ASSERTIONS = NO;
				GCC_C_LANGUAGE_STANDARD = gnu99;
				GCC_WARN_64_TO_32_BIT_CONVERSION = YES;
				GCC_WARN_ABOUT_RETURN_TYPE = YES_ERROR;
				GCC_WARN_UNDECLARED_SELECTOR = YES;
				GCC_WARN_UNINITIALIZED_AUTOS = YES_AGGRESSIVE;
				GCC_WARN_UNUSED_FUNCTION = YES;
				GCC_WARN_UNUSED_VARIABLE = YES;
				IPHONEOS_DEPLOYMENT_TARGET = 7.1;
				SDKROOT = iphoneos;
				VALIDATE_PRODUCT = YES;
			};
			name = Release;
		};
		4FB8462C18E50C450056BDFB /* Debug */ = {
			isa = XCBuildConfiguration;
			baseConfigurationReference = A5E646D097304E9BAD2496A6 /* Pods.xcconfig */;
			buildSettings = {
				ASSETCATALOG_COMPILER_APPICON_NAME = AppIcon;
				ASSETCATALOG_COMPILER_LAUNCHIMAGE_NAME = LaunchImage;
				GCC_PRECOMPILE_PREFIX_HEADER = YES;
				GCC_PREFIX_HEADER = "Sample/Sample-Prefix.pch";
				INFOPLIST_FILE = "Sample/Sample-Info.plist";
				IPHONEOS_DEPLOYMENT_TARGET = 7.1;
				PRODUCT_NAME = "$(TARGET_NAME)";
				TARGETED_DEVICE_FAMILY = "1,2";
				WRAPPER_EXTENSION = app;
			};
			name = Debug;
		};
		4FB8462D18E50C450056BDFB /* Release */ = {
			isa = XCBuildConfiguration;
			baseConfigurationReference = A5E646D097304E9BAD2496A6 /* Pods.xcconfig */;
			buildSettings = {
				ASSETCATALOG_COMPILER_APPICON_NAME = AppIcon;
				ASSETCATALOG_COMPILER_LAUNCHIMAGE_NAME = LaunchImage;
				GCC_PRECOMPILE_PREFIX_HEADER = YES;
				GCC_PREFIX_HEADER = "Sample/Sample-Prefix.pch";
				INFOPLIST_FILE = "Sample/Sample-Info.plist";
				IPHONEOS_DEPLOYMENT_TARGET = 7.1;
				PRODUCT_NAME = "$(TARGET_NAME)";
				TARGETED_DEVICE_FAMILY = "1,2";
				WRAPPER_EXTENSION = app;
			};
			name = Release;
		};
		4FB8462F18E50C450056BDFB /* Debug */ = {
			isa = XCBuildConfiguration;
			buildSettings = {
				BUNDLE_LOADER = "$(BUILT_PRODUCTS_DIR)/Sample.app/Sample";
				FRAMEWORK_SEARCH_PATHS = (
					"$(SDKROOT)/Developer/Library/Frameworks",
					"$(inherited)",
					"$(DEVELOPER_FRAMEWORKS_DIR)",
				);
				GCC_PRECOMPILE_PREFIX_HEADER = YES;
				GCC_PREFIX_HEADER = "Sample/Sample-Prefix.pch";
				GCC_PREPROCESSOR_DEFINITIONS = (
					"DEBUG=1",
					"$(inherited)",
				);
				INFOPLIST_FILE = "SampleTests/SampleTests-Info.plist";
				PRODUCT_NAME = "$(TARGET_NAME)";
				TEST_HOST = "$(BUNDLE_LOADER)";
				WRAPPER_EXTENSION = xctest;
			};
			name = Debug;
		};
		4FB8463018E50C450056BDFB /* Release */ = {
			isa = XCBuildConfiguration;
			buildSettings = {
				BUNDLE_LOADER = "$(BUILT_PRODUCTS_DIR)/Sample.app/Sample";
				FRAMEWORK_SEARCH_PATHS = (
					"$(SDKROOT)/Developer/Library/Frameworks",
					"$(inherited)",
					"$(DEVELOPER_FRAMEWORKS_DIR)",
				);
				GCC_PRECOMPILE_PREFIX_HEADER = YES;
				GCC_PREFIX_HEADER = "Sample/Sample-Prefix.pch";
				INFOPLIST_FILE = "SampleTests/SampleTests-Info.plist";
				PRODUCT_NAME = "$(TARGET_NAME)";
				TEST_HOST = "$(BUNDLE_LOADER)";
				WRAPPER_EXTENSION = xctest;
			};
			name = Release;
		};
/* End XCBuildConfiguration section */

/* Begin XCConfigurationList section */
		4FB845FA18E50C450056BDFB /* Build configuration list for PBXProject "Sample" */ = {
			isa = XCConfigurationList;
			buildConfigurations = (
				4FB8462918E50C450056BDFB /* Debug */,
				4FB8462A18E50C450056BDFB /* Release */,
			);
			defaultConfigurationIsVisible = 0;
			defaultConfigurationName = Release;
		};
		4FB8462B18E50C450056BDFB /* Build configuration list for PBXNativeTarget "Sample" */ = {
			isa = XCConfigurationList;
			buildConfigurations = (
				4FB8462C18E50C450056BDFB /* Debug */,
				4FB8462D18E50C450056BDFB /* Release */,
			);
			defaultConfigurationIsVisible = 0;
			defaultConfigurationName = Release;
		};
		4FB8462E18E50C450056BDFB /* Build configuration list for PBXNativeTarget "SampleTests" */ = {
			isa = XCConfigurationList;
			buildConfigurations = (
				4FB8462F18E50C450056BDFB /* Debug */,
				4FB8463018E50C450056BDFB /* Release */,
			);
			defaultConfigurationIsVisible = 0;
			defaultConfigurationName = Release;
		};
/* End XCConfigurationList section */
	};
	rootObject = 4FB845F718E50C450056BDFB /* Project object */;
}
