PODS:
  - DZNWebViewController (3.2)

DEPENDENCIES:
  - DZNWebViewController (from `../../DZNWebViewController.podspec`)

EXTERNAL SOURCES:
  DZNWebViewController:
    :path: "../../DZNWebViewController.podspec"

SPEC CHECKSUMS:
  DZNWebViewController: 8e927a5de637fe0c4104c001d5cccd4fa5621e50

PODFILE CHECKSUM: 51f540e277a3055aeb765a75d4273bb2a8d1999f

COCOAPODS: 1.2.1
