PODS:
  - DZNWebViewController (3.0)

DEPENDENCIES:
  - DZNWebViewController (from `../../DZNWebViewController.podspec`)

EXTERNAL SOURCES:
  DZNWebViewController:
    :path: ../../DZNWebViewController.podspec

SPEC CHECKSUMS:
  DZNWebViewController: 50271156811fd1a6dbde7ddf67cb326bd85c3282

COCOAPODS: 0.35.0
